
Microsoft Visual Studio Solution File, Format Version 12.00
# Visual Studio Version 17
VisualStudioVersion = 17.5.2.0
MinimumVisualStudioVersion = 10.0.40219.1
Project("{FAE04EC0-301F-11D3-BF4B-00C04F79EFBC}") = "CreateCalculator", "CreateCalculator\CreateCalculator.csproj", "{E8DFF23A-9A3A-1826-40E2-7244B6FE0179}"
EndProject
Project("{FAE04EC0-301F-11D3-BF4B-00C04F79EFBC}") = "GPAApp", "GPAApp\GPAApp.csproj", "{15AEF24A-DA70-4479-A089-3973248046D5}"
EndProject
Project("{FAE04EC0-301F-11D3-BF4B-00C04F79EFBC}") = "RobotTracker", "RobotTracker\RobotTracker.csproj", "{899C7633-6121-48AA-8D6B-F243EFC77F8D}"
EndProject
Project("{FAE04EC0-301F-11D3-BF4B-00C04F79EFBC}") = "ChessBoard", "ChessBoard\ChessBoard.csproj", "{62725E92-BD83-44D6-9177-C3C0B2FC8A4F}"
EndProject
Project("{FAE04EC0-301F-11D3-BF4B-00C04F79EFBC}") = "FizzBuzz", "FizzBuzz\FizzBuzz.csproj", "{FE88B8C3-3A1A-4E89-8A05-7D590FE0544D}"
EndProject
Project("{FAE04EC0-301F-11D3-BF4B-00C04F79EFBC}") = "CodingProj3", "CodingProj3\CodingProj3.csproj", "{0D5FCEA0-0F3D-4CE6-B84F-381F64A12E04}"
EndProject
Project("{FAE04EC0-301F-11D3-BF4B-00C04F79EFBC}") = "RSVPApp", "RSVPApp\RSVPApp.csproj", "{7B99D527-7375-4496-8276-34C36A8B4041}"
EndProject
Project("{FAE04EC0-301F-11D3-BF4B-00C04F79EFBC}") = "EmailAddressChallenge", "EmailAddressChallenge\EmailAddressChallenge.csproj", "{A3D25CC7-3716-480D-B3D8-E1CAB21A022A}"
EndProject
Global
	GlobalSection(SolutionConfigurationPlatforms) = preSolution
		Debug|Any CPU = Debug|Any CPU
		Debug|x64 = Debug|x64
		Debug|x86 = Debug|x86
		Release|Any CPU = Release|Any CPU
		Release|x64 = Release|x64
		Release|x86 = Release|x86
	EndGlobalSection
	GlobalSection(ProjectConfigurationPlatforms) = postSolution
		{E8DFF23A-9A3A-1826-40E2-7244B6FE0179}.Debug|Any CPU.ActiveCfg = Debug|Any CPU
		{E8DFF23A-9A3A-1826-40E2-7244B6FE0179}.Debug|Any CPU.Build.0 = Debug|Any CPU
		{E8DFF23A-9A3A-1826-40E2-7244B6FE0179}.Debug|x64.ActiveCfg = Debug|Any CPU
		{E8DFF23A-9A3A-1826-40E2-7244B6FE0179}.Debug|x64.Build.0 = Debug|Any CPU
		{E8DFF23A-9A3A-1826-40E2-7244B6FE0179}.Debug|x86.ActiveCfg = Debug|Any CPU
		{E8DFF23A-9A3A-1826-40E2-7244B6FE0179}.Debug|x86.Build.0 = Debug|Any CPU
		{E8DFF23A-9A3A-1826-40E2-7244B6FE0179}.Release|Any CPU.ActiveCfg = Release|Any CPU
		{E8DFF23A-9A3A-1826-40E2-7244B6FE0179}.Release|Any CPU.Build.0 = Release|Any CPU
		{E8DFF23A-9A3A-1826-40E2-7244B6FE0179}.Release|x64.ActiveCfg = Release|Any CPU
		{E8DFF23A-9A3A-1826-40E2-7244B6FE0179}.Release|x64.Build.0 = Release|Any CPU
		{E8DFF23A-9A3A-1826-40E2-7244B6FE0179}.Release|x86.ActiveCfg = Release|Any CPU
		{E8DFF23A-9A3A-1826-40E2-7244B6FE0179}.Release|x86.Build.0 = Release|Any CPU
		{15AEF24A-DA70-4479-A089-3973248046D5}.Debug|Any CPU.ActiveCfg = Debug|Any CPU
		{15AEF24A-DA70-4479-A089-3973248046D5}.Debug|Any CPU.Build.0 = Debug|Any CPU
		{15AEF24A-DA70-4479-A089-3973248046D5}.Debug|x64.ActiveCfg = Debug|Any CPU
		{15AEF24A-DA70-4479-A089-3973248046D5}.Debug|x64.Build.0 = Debug|Any CPU
		{15AEF24A-DA70-4479-A089-3973248046D5}.Debug|x86.ActiveCfg = Debug|Any CPU
		{15AEF24A-DA70-4479-A089-3973248046D5}.Debug|x86.Build.0 = Debug|Any CPU
		{15AEF24A-DA70-4479-A089-3973248046D5}.Release|Any CPU.ActiveCfg = Release|Any CPU
		{15AEF24A-DA70-4479-A089-3973248046D5}.Release|Any CPU.Build.0 = Release|Any CPU
		{15AEF24A-DA70-4479-A089-3973248046D5}.Release|x64.ActiveCfg = Release|Any CPU
		{15AEF24A-DA70-4479-A089-3973248046D5}.Release|x64.Build.0 = Release|Any CPU
		{15AEF24A-DA70-4479-A089-3973248046D5}.Release|x86.ActiveCfg = Release|Any CPU
		{15AEF24A-DA70-4479-A089-3973248046D5}.Release|x86.Build.0 = Release|Any CPU
		{899C7633-6121-48AA-8D6B-F243EFC77F8D}.Debug|Any CPU.ActiveCfg = Debug|Any CPU
		{899C7633-6121-48AA-8D6B-F243EFC77F8D}.Debug|Any CPU.Build.0 = Debug|Any CPU
		{899C7633-6121-48AA-8D6B-F243EFC77F8D}.Debug|x64.ActiveCfg = Debug|Any CPU
		{899C7633-6121-48AA-8D6B-F243EFC77F8D}.Debug|x64.Build.0 = Debug|Any CPU
		{899C7633-6121-48AA-8D6B-F243EFC77F8D}.Debug|x86.ActiveCfg = Debug|Any CPU
		{899C7633-6121-48AA-8D6B-F243EFC77F8D}.Debug|x86.Build.0 = Debug|Any CPU
		{899C7633-6121-48AA-8D6B-F243EFC77F8D}.Release|Any CPU.ActiveCfg = Release|Any CPU
		{899C7633-6121-48AA-8D6B-F243EFC77F8D}.Release|Any CPU.Build.0 = Release|Any CPU
		{899C7633-6121-48AA-8D6B-F243EFC77F8D}.Release|x64.ActiveCfg = Release|Any CPU
		{899C7633-6121-48AA-8D6B-F243EFC77F8D}.Release|x64.Build.0 = Release|Any CPU
		{899C7633-6121-48AA-8D6B-F243EFC77F8D}.Release|x86.ActiveCfg = Release|Any CPU
		{899C7633-6121-48AA-8D6B-F243EFC77F8D}.Release|x86.Build.0 = Release|Any CPU
		{62725E92-BD83-44D6-9177-C3C0B2FC8A4F}.Debug|Any CPU.ActiveCfg = Debug|Any CPU
		{62725E92-BD83-44D6-9177-C3C0B2FC8A4F}.Debug|Any CPU.Build.0 = Debug|Any CPU
		{62725E92-BD83-44D6-9177-C3C0B2FC8A4F}.Debug|x64.ActiveCfg = Debug|Any CPU
		{62725E92-BD83-44D6-9177-C3C0B2FC8A4F}.Debug|x64.Build.0 = Debug|Any CPU
		{62725E92-BD83-44D6-9177-C3C0B2FC8A4F}.Debug|x86.ActiveCfg = Debug|Any CPU
		{62725E92-BD83-44D6-9177-C3C0B2FC8A4F}.Debug|x86.Build.0 = Debug|Any CPU
		{62725E92-BD83-44D6-9177-C3C0B2FC8A4F}.Release|Any CPU.ActiveCfg = Release|Any CPU
		{62725E92-BD83-44D6-9177-C3C0B2FC8A4F}.Release|Any CPU.Build.0 = Release|Any CPU
		{62725E92-BD83-44D6-9177-C3C0B2FC8A4F}.Release|x64.ActiveCfg = Release|Any CPU
		{62725E92-BD83-44D6-9177-C3C0B2FC8A4F}.Release|x64.Build.0 = Release|Any CPU
		{62725E92-BD83-44D6-9177-C3C0B2FC8A4F}.Release|x86.ActiveCfg = Release|Any CPU
		{62725E92-BD83-44D6-9177-C3C0B2FC8A4F}.Release|x86.Build.0 = Release|Any CPU
		{FE88B8C3-3A1A-4E89-8A05-7D590FE0544D}.Debug|Any CPU.ActiveCfg = Debug|Any CPU
		{FE88B8C3-3A1A-4E89-8A05-7D590FE0544D}.Debug|Any CPU.Build.0 = Debug|Any CPU
		{FE88B8C3-3A1A-4E89-8A05-7D590FE0544D}.Debug|x64.ActiveCfg = Debug|Any CPU
		{FE88B8C3-3A1A-4E89-8A05-7D590FE0544D}.Debug|x64.Build.0 = Debug|Any CPU
		{FE88B8C3-3A1A-4E89-8A05-7D590FE0544D}.Debug|x86.ActiveCfg = Debug|Any CPU
		{FE88B8C3-3A1A-4E89-8A05-7D590FE0544D}.Debug|x86.Build.0 = Debug|Any CPU
		{FE88B8C3-3A1A-4E89-8A05-7D590FE0544D}.Release|Any CPU.ActiveCfg = Release|Any CPU
		{FE88B8C3-3A1A-4E89-8A05-7D590FE0544D}.Release|Any CPU.Build.0 = Release|Any CPU
		{FE88B8C3-3A1A-4E89-8A05-7D590FE0544D}.Release|x64.ActiveCfg = Release|Any CPU
		{FE88B8C3-3A1A-4E89-8A05-7D590FE0544D}.Release|x64.Build.0 = Release|Any CPU
		{FE88B8C3-3A1A-4E89-8A05-7D590FE0544D}.Release|x86.ActiveCfg = Release|Any CPU
		{FE88B8C3-3A1A-4E89-8A05-7D590FE0544D}.Release|x86.Build.0 = Release|Any CPU
		{0D5FCEA0-0F3D-4CE6-B84F-381F64A12E04}.Debug|Any CPU.ActiveCfg = Debug|Any CPU
		{0D5FCEA0-0F3D-4CE6-B84F-381F64A12E04}.Debug|Any CPU.Build.0 = Debug|Any CPU
		{0D5FCEA0-0F3D-4CE6-B84F-381F64A12E04}.Debug|x64.ActiveCfg = Debug|Any CPU
		{0D5FCEA0-0F3D-4CE6-B84F-381F64A12E04}.Debug|x64.Build.0 = Debug|Any CPU
		{0D5FCEA0-0F3D-4CE6-B84F-381F64A12E04}.Debug|x86.ActiveCfg = Debug|Any CPU
		{0D5FCEA0-0F3D-4CE6-B84F-381F64A12E04}.Debug|x86.Build.0 = Debug|Any CPU
		{0D5FCEA0-0F3D-4CE6-B84F-381F64A12E04}.Release|Any CPU.ActiveCfg = Release|Any CPU
		{0D5FCEA0-0F3D-4CE6-B84F-381F64A12E04}.Release|Any CPU.Build.0 = Release|Any CPU
		{0D5FCEA0-0F3D-4CE6-B84F-381F64A12E04}.Release|x64.ActiveCfg = Release|Any CPU
		{0D5FCEA0-0F3D-4CE6-B84F-381F64A12E04}.Release|x64.Build.0 = Release|Any CPU
		{0D5FCEA0-0F3D-4CE6-B84F-381F64A12E04}.Release|x86.ActiveCfg = Release|Any CPU
		{0D5FCEA0-0F3D-4CE6-B84F-381F64A12E04}.Release|x86.Build.0 = Release|Any CPU
		{7B99D527-7375-4496-8276-34C36A8B4041}.Debug|Any CPU.ActiveCfg = Debug|Any CPU
		{7B99D527-7375-4496-8276-34C36A8B4041}.Debug|Any CPU.Build.0 = Debug|Any CPU
		{7B99D527-7375-4496-8276-34C36A8B4041}.Debug|x64.ActiveCfg = Debug|Any CPU
		{7B99D527-7375-4496-8276-34C36A8B4041}.Debug|x64.Build.0 = Debug|Any CPU
		{7B99D527-7375-4496-8276-34C36A8B4041}.Debug|x86.ActiveCfg = Debug|Any CPU
		{7B99D527-7375-4496-8276-34C36A8B4041}.Debug|x86.Build.0 = Debug|Any CPU
		{7B99D527-7375-4496-8276-34C36A8B4041}.Release|Any CPU.ActiveCfg = Release|Any CPU
		{7B99D527-7375-4496-8276-34C36A8B4041}.Release|Any CPU.Build.0 = Release|Any CPU
		{7B99D527-7375-4496-8276-34C36A8B4041}.Release|x64.ActiveCfg = Release|Any CPU
		{7B99D527-7375-4496-8276-34C36A8B4041}.Release|x64.Build.0 = Release|Any CPU
		{7B99D527-7375-4496-8276-34C36A8B4041}.Release|x86.ActiveCfg = Release|Any CPU
		{7B99D527-7375-4496-8276-34C36A8B4041}.Release|x86.Build.0 = Release|Any CPU
		{A3D25CC7-3716-480D-B3D8-E1CAB21A022A}.Debug|Any CPU.ActiveCfg = Debug|Any CPU
		{A3D25CC7-3716-480D-B3D8-E1CAB21A022A}.Debug|Any CPU.Build.0 = Debug|Any CPU
		{A3D25CC7-3716-480D-B3D8-E1CAB21A022A}.Debug|x64.ActiveCfg = Debug|Any CPU
		{A3D25CC7-3716-480D-B3D8-E1CAB21A022A}.Debug|x64.Build.0 = Debug|Any CPU
		{A3D25CC7-3716-480D-B3D8-E1CAB21A022A}.Debug|x86.ActiveCfg = Debug|Any CPU
		{A3D25CC7-3716-480D-B3D8-E1CAB21A022A}.Debug|x86.Build.0 = Debug|Any CPU
		{A3D25CC7-3716-480D-B3D8-E1CAB21A022A}.Release|Any CPU.ActiveCfg = Release|Any CPU
		{A3D25CC7-3716-480D-B3D8-E1CAB21A022A}.Release|Any CPU.Build.0 = Release|Any CPU
		{A3D25CC7-3716-480D-B3D8-E1CAB21A022A}.Release|x64.ActiveCfg = Release|Any CPU
		{A3D25CC7-3716-480D-B3D8-E1CAB21A022A}.Release|x64.Build.0 = Release|Any CPU
		{A3D25CC7-3716-480D-B3D8-E1CAB21A022A}.Release|x86.ActiveCfg = Release|Any CPU
		{A3D25CC7-3716-480D-B3D8-E1CAB21A022A}.Release|x86.Build.0 = Release|Any CPU
	EndGlobalSection
	GlobalSection(SolutionProperties) = preSolution
		HideSolutionNode = FALSE
	EndGlobalSection
	GlobalSection(ExtensibilityGlobals) = postSolution
		SolutionGuid = {3EF7FDEC-892E-463F-9DA7-B05987B5D2CD}
	EndGlobalSection
EndGlobal
