Microsoft Visual Studio Solution File, Format Version 12.00
# Visual Studio Version 17
VisualStudioVersion = 17.5.2.0
MinimumVisualStudioVersion = 10.0.40219.1
Project("{FAE04EC0-301F-11D3-BF4B-00C04F79EFBC}") = "BankAccountProj", "BankAccountProj.csproj", "{83405DEB-AD58-9C59-FDA2-8A26290F7715}"
EndProject
Global
	GlobalSection(SolutionConfigurationPlatforms) = preSolution
		Debug|Any CPU = Debug|Any CPU
		Release|Any CPU = Release|Any CPU
	EndGlobalSection
	GlobalSection(ProjectConfigurationPlatforms) = postSolution
		{83405DEB-AD58-9C59-FDA2-8A26290F7715}.Debug|Any CPU.ActiveCfg = Debug|Any CPU
		{83405DEB-AD58-9C59-FDA2-8A26290F7715}.Debug|Any CPU.Build.0 = Debug|Any CPU
		{83405DEB-AD58-9C59-FDA2-8A26290F7715}.Release|Any CPU.ActiveCfg = Release|Any CPU
		{83405DEB-AD58-9C59-FDA2-8A26290F7715}.Release|Any CPU.Build.0 = Release|Any CPU
	EndGlobalSection
	GlobalSection(SolutionProperties) = preSolution
		HideSolutionNode = FALSE
	EndGlobalSection
	GlobalSection(ExtensibilityGlobals) = postSolution
		SolutionGuid = {50935B5E-C20D-4164-BB69-FCEBBCC5218B}
	EndGlobalSection
EndGlobal
